
Microsoft Visual Studio Solution File, Format Version 12.00
# Visual Studio Version 16
VisualStudioVersion = 16.0.29609.76
MinimumVisualStudioVersion = 10.0.40219.1
Project("{FAE04EC0-301F-11D3-BF4B-00C04F79EFBC}") = "EmployeeRecordKeeping", "EmployeeRecordKeeping\EmployeeRecordKeeping.csproj", "{B1276FAE-E295-487A-9150-0A9B626C722C}"
EndProject
Global
	GlobalSection(SolutionConfigurationPlatforms) = preSolution
		Debug|Any CPU = Debug|Any CPU
		Release|Any CPU = Release|Any CPU
	EndGlobalSection
	GlobalSection(ProjectConfigurationPlatforms) = postSolution
		{B1276FAE-E295-487A-9150-0A9B626C722C}.Debug|Any CPU.ActiveCfg = Debug|Any CPU
		{B1276FAE-E295-487A-9150-0A9B626C722C}.Debug|Any CPU.Build.0 = Debug|Any CPU
		{B1276FAE-E295-487A-9150-0A9B626C722C}.Release|Any CPU.ActiveCfg = Release|Any CPU
		{B1276FAE-E295-487A-9150-0A9B626C722C}.Release|Any CPU.Build.0 = Release|Any CPU
	EndGlobalSection
	GlobalSection(SolutionProperties) = preSolution
		HideSolutionNode = FALSE
	EndGlobalSection
	GlobalSection(ExtensibilityGlobals) = postSolution
		SolutionGuid = {3D0A08DB-2428-4EE1-8C1C-F6E7C788B629}
	EndGlobalSection
EndGlobal
